// !$*UTF8*$!
{
	archiveVersion = 1;
	classes = {
	};
	objectVersion = 46;
	objects = {

/* Begin PBXBuildFile section */
		21242E1D1CFBE7E50050DBBE /* AppDelegate.swift in Sources */ = {isa = PBXBuildFile; fileRef = 21242E1C1CFBE7E50050DBBE /* AppDelegate.swift */; };
		21242E1F1CFBE7E50050DBBE /* ViewController.swift in Sources */ = {isa = PBXBuildFile; fileRef = 21242E1E1CFBE7E50050DBBE /* ViewController.swift */; };
		21242E221CFBE7E50050DBBE /* Main.storyboard in Resources */ = {isa = PBXBuildFile; fileRef = 21242E201CFBE7E50050DBBE /* Main.storyboard */; };
		21242E241CFBE7E50050DBBE /* Assets.xcassets in Resources */ = {isa = PBXBuildFile; fileRef = 21242E231CFBE7E50050DBBE /* Assets.xcassets */; };
		21242E271CFBE7E50050DBBE /* LaunchScreen.storyboard in Resources */ = {isa = PBXBuildFile; fileRef = 21242E251CFBE7E50050DBBE /* LaunchScreen.storyboard */; };
		21242E321CFBE7E50050DBBE /* WechatDemoTests.swift in Sources */ = {isa = PBXBuildFile; fileRef = 21242E311CFBE7E50050DBBE /* WechatDemoTests.swift */; };
		21242E3D1CFBE7E50050DBBE /* WechatDemoUITests.swift in Sources */ = {isa = PBXBuildFile; fileRef = 21242E3C1CFBE7E50050DBBE /* WechatDemoUITests.swift */; };
		21242E511CFC10FD0050DBBE /* WechatDemoListViewController.swift in Sources */ = {isa = PBXBuildFile; fileRef = 21242E501CFC10FD0050DBBE /* WechatDemoListViewController.swift */; };
		214EE5EF1D055CEA002787F6 /* UIViewController+SetTabBarVisible.swift in Sources */ = {isa = PBXBuildFile; fileRef = 214EE5EE1D055CEA002787F6 /* UIViewController+SetTabBarVisible.swift */; };
		2185A4151CFE7C74000307E0 /* LocalStore.swift in Sources */ = {isa = PBXBuildFile; fileRef = 2185A4141CFE7C74000307E0 /* LocalStore.swift */; };
		21C176AA1CFD2F94005F3EC9 /* WechatService.swift in Sources */ = {isa = PBXBuildFile; fileRef = 21C176A91CFD2F94005F3EC9 /* WechatService.swift */; };
		21C176AC1CFD382F005F3EC9 /* LoginViewController.swift in Sources */ = {isa = PBXBuildFile; fileRef = 21C176AB1CFD382F005F3EC9 /* LoginViewController.swift */; };
		21C176AE1CFD4081005F3EC9 /* SwiftyJSON.swift in Sources */ = {isa = PBXBuildFile; fileRef = 21C176AD1CFD4081005F3EC9 /* SwiftyJSON.swift */; };
		21D9D8131D05295E00BAE977 /* FriendsTableViewController.swift in Sources */ = {isa = PBXBuildFile; fileRef = 21D9D8121D05295E00BAE977 /* FriendsTableViewController.swift */; };
		365E4DF2D21A6A4FB71FB6C9 /* libPods.a in Frameworks */ = {isa = PBXBuildFile; fileRef = 966146B98004427D8C9F225F /* libPods.a */; };
/* End PBXBuildFile section */

/* Begin PBXContainerItemProxy section */
		21242E2E1CFBE7E50050DBBE /* PBXContainerItemProxy */ = {
			isa = PBXContainerItemProxy;
			containerPortal = 21242E111CFBE7E50050DBBE /* Project object */;
			proxyType = 1;
			remoteGlobalIDString = 21242E181CFBE7E50050DBBE;
			remoteInfo = WechatDemo;
		};
		21242E391CFBE7E50050DBBE /* PBXContainerItemProxy */ = {
			isa = PBXContainerItemProxy;
			containerPortal = 21242E111CFBE7E50050DBBE /* Project object */;
			proxyType = 1;
			remoteGlobalIDString = 21242E181CFBE7E50050DBBE;
			remoteInfo = WechatDemo;
		};
/* End PBXContainerItemProxy section */

/* Begin PBXFileReference section */
		12CDF42257801C19DC7AD047 /* Pods.debug.xcconfig */ = {isa = PBXFileReference; includeInIndex = 1; lastKnownFileType = text.xcconfig; name = Pods.debug.xcconfig; path = "Pods/Target Support Files/Pods/Pods.debug.xcconfig"; sourceTree = "<group>"; };
		21242E191CFBE7E50050DBBE /* WechatDemo.app */ = {isa = PBXFileReference; explicitFileType = wrapper.application; includeInIndex = 0; path = WechatDemo.app; sourceTree = BUILT_PRODUCTS_DIR; };
		21242E1C1CFBE7E50050DBBE /* AppDelegate.swift */ = {isa = PBXFileReference; lastKnownFileType = sourcecode.swift; path = AppDelegate.swift; sourceTree = "<group>"; };
		21242E1E1CFBE7E50050DBBE /* ViewController.swift */ = {isa = PBXFileReference; lastKnownFileType = sourcecode.swift; path = ViewController.swift; sourceTree = "<group>"; };
		21242E211CFBE7E50050DBBE /* Base */ = {isa = PBXFileReference; lastKnownFileType = file.storyboard; name = Base; path = Base.lproj/Main.storyboard; sourceTree = "<group>"; };
		21242E231CFBE7E50050DBBE /* Assets.xcassets */ = {isa = PBXFileReference; lastKnownFileType = folder.assetcatalog; path = Assets.xcassets; sourceTree = "<group>"; };
		21242E261CFBE7E50050DBBE /* Base */ = {isa = PBXFileReference; lastKnownFileType = file.storyboard; name = Base; path = Base.lproj/LaunchScreen.storyboard; sourceTree = "<group>"; };
		21242E281CFBE7E50050DBBE /* Info.plist */ = {isa = PBXFileReference; lastKnownFileType = text.plist.xml; path = Info.plist; sourceTree = "<group>"; };
		21242E2D1CFBE7E50050DBBE /* WechatDemoTests.xctest */ = {isa = PBXFileReference; explicitFileType = wrapper.cfbundle; includeInIndex = 0; path = WechatDemoTests.xctest; sourceTree = BUILT_PRODUCTS_DIR; };
		21242E311CFBE7E50050DBBE /* WechatDemoTests.swift */ = {isa = PBXFileReference; lastKnownFileType = sourcecode.swift; path = WechatDemoTests.swift; sourceTree = "<group>"; };
		21242E331CFBE7E50050DBBE /* Info.plist */ = {isa = PBXFileReference; lastKnownFileType = text.plist.xml; path = Info.plist; sourceTree = "<group>"; };
		21242E381CFBE7E50050DBBE /* WechatDemoUITests.xctest */ = {isa = PBXFileReference; explicitFileType = wrapper.cfbundle; includeInIndex = 0; path = WechatDemoUITests.xctest; sourceTree = BUILT_PRODUCTS_DIR; };
		21242E3C1CFBE7E50050DBBE /* WechatDemoUITests.swift */ = {isa = PBXFileReference; lastKnownFileType = sourcecode.swift; path = WechatDemoUITests.swift; sourceTree = "<group>"; };
		21242E3E1CFBE7E50050DBBE /* Info.plist */ = {isa = PBXFileReference; lastKnownFileType = text.plist.xml; path = Info.plist; sourceTree = "<group>"; };
		21242E4A1CFBEE8D0050DBBE /* RongIMKit.framework */ = {isa = PBXFileReference; lastKnownFileType = wrapper.framework; name = RongIMKit.framework; path = Pods/RongCloudIMKit/Rong_Cloud_iOS_IMKit_SDK_v2_5_2_stable/RongIMKit.framework; sourceTree = "<group>"; };
		21242E4C1CFBEEDD0050DBBE /* WechatDemo-Bridging-Header.h */ = {isa = PBXFileReference; lastKnownFileType = sourcecode.c.h; path = "WechatDemo-Bridging-Header.h"; sourceTree = "<group>"; };
		21242E501CFC10FD0050DBBE /* WechatDemoListViewController.swift */ = {isa = PBXFileReference; fileEncoding = 4; lastKnownFileType = sourcecode.swift; path = WechatDemoListViewController.swift; sourceTree = "<group>"; };
		214EE5EE1D055CEA002787F6 /* UIViewController+SetTabBarVisible.swift */ = {isa = PBXFileReference; fileEncoding = 4; lastKnownFileType = sourcecode.swift; path = "UIViewController+SetTabBarVisible.swift"; sourceTree = "<group>"; };
		2185A4141CFE7C74000307E0 /* LocalStore.swift */ = {isa = PBXFileReference; fileEncoding = 4; lastKnownFileType = sourcecode.swift; path = LocalStore.swift; sourceTree = "<group>"; };
		21C176A91CFD2F94005F3EC9 /* WechatService.swift */ = {isa = PBXFileReference; fileEncoding = 4; lastKnownFileType = sourcecode.swift; path = WechatService.swift; sourceTree = "<group>"; };
		21C176AB1CFD382F005F3EC9 /* LoginViewController.swift */ = {isa = PBXFileReference; fileEncoding = 4; lastKnownFileType = sourcecode.swift; path = LoginViewController.swift; sourceTree = "<group>"; };
		21C176AD1CFD4081005F3EC9 /* SwiftyJSON.swift */ = {isa = PBXFileReference; fileEncoding = 4; lastKnownFileType = sourcecode.swift; path = SwiftyJSON.swift; sourceTree = "<group>"; };
		21D9D8121D05295E00BAE977 /* FriendsTableViewController.swift */ = {isa = PBXFileReference; fileEncoding = 4; lastKnownFileType = sourcecode.swift; path = FriendsTableViewController.swift; sourceTree = "<group>"; };
		966146B98004427D8C9F225F /* libPods.a */ = {isa = PBXFileReference; explicitFileType = archive.ar; includeInIndex = 0; path = libPods.a; sourceTree = BUILT_PRODUCTS_DIR; };
		DC523DADE9F3EE87E0C08F07 /* Pods.release.xcconfig */ = {isa = PBXFileReference; includeInIndex = 1; lastKnownFileType = text.xcconfig; name = Pods.release.xcconfig; path = "Pods/Target Support Files/Pods/Pods.release.xcconfig"; sourceTree = "<group>"; };
/* End PBXFileReference section */

/* Begin PBXFrameworksBuildPhase section */
		21242E161CFBE7E50050DBBE /* Frameworks */ = {
			isa = PBXFrameworksBuildPhase;
			buildActionMask = 2147483647;
			files = (
				365E4DF2D21A6A4FB71FB6C9 /* libPods.a in Frameworks */,
			);
			runOnlyForDeploymentPostprocessing = 0;
		};
		21242E2A1CFBE7E50050DBBE /* Frameworks */ = {
			isa = PBXFrameworksBuildPhase;
			buildActionMask = 2147483647;
			files = (
			);
			runOnlyForDeploymentPostprocessing = 0;
		};
		21242E351CFBE7E50050DBBE /* Frameworks */ = {
			isa = PBXFrameworksBuildPhase;
			buildActionMask = 2147483647;
			files = (
			);
			runOnlyForDeploymentPostprocessing = 0;
		};
/* End PBXFrameworksBuildPhase section */

/* Begin PBXGroup section */
		21242E101CFBE7E50050DBBE = {
			isa = PBXGroup;
			children = (
				21242E1B1CFBE7E50050DBBE /* WechatDemo */,
				21242E301CFBE7E50050DBBE /* WechatDemoTests */,
				21242E3B1CFBE7E50050DBBE /* WechatDemoUITests */,
				21242E1A1CFBE7E50050DBBE /* Products */,
				82579D268DA843BB66FA1EA7 /* Pods */,
				6AAD9D966DB4401A97507F56 /* Frameworks */,
			);
			sourceTree = "<group>";
		};
		21242E1A1CFBE7E50050DBBE /* Products */ = {
			isa = PBXGroup;
			children = (
				21242E191CFBE7E50050DBBE /* WechatDemo.app */,
				21242E2D1CFBE7E50050DBBE /* WechatDemoTests.xctest */,
				21242E381CFBE7E50050DBBE /* WechatDemoUITests.xctest */,
			);
			name = Products;
			sourceTree = "<group>";
		};
		21242E1B1CFBE7E50050DBBE /* WechatDemo */ = {
			isa = PBXGroup;
			children = (
				21C176AD1CFD4081005F3EC9 /* SwiftyJSON.swift */,
				21242E1C1CFBE7E50050DBBE /* AppDelegate.swift */,
				21C176AB1CFD382F005F3EC9 /* LoginViewController.swift */,
				2185A4141CFE7C74000307E0 /* LocalStore.swift */,
				21242E1E1CFBE7E50050DBBE /* ViewController.swift */,
				21242E501CFC10FD0050DBBE /* WechatDemoListViewController.swift */,
				214EE5EE1D055CEA002787F6 /* UIViewController+SetTabBarVisible.swift */,
				21D9D8121D05295E00BAE977 /* FriendsTableViewController.swift */,
				21C176A91CFD2F94005F3EC9 /* WechatService.swift */,
				21242E201CFBE7E50050DBBE /* Main.storyboard */,
				21242E231CFBE7E50050DBBE /* Assets.xcassets */,
				21242E251CFBE7E50050DBBE /* LaunchScreen.storyboard */,
				21242E281CFBE7E50050DBBE /* Info.plist */,
				21242E4C1CFBEEDD0050DBBE /* WechatDemo-Bridging-Header.h */,
			);
			path = WechatDemo;
			sourceTree = "<group>";
		};
		21242E301CFBE7E50050DBBE /* WechatDemoTests */ = {
			isa = PBXGroup;
			children = (
				21242E311CFBE7E50050DBBE /* WechatDemoTests.swift */,
				21242E331CFBE7E50050DBBE /* Info.plist */,
			);
			path = WechatDemoTests;
			sourceTree = "<group>";
		};
		21242E3B1CFBE7E50050DBBE /* WechatDemoUITests */ = {
			isa = PBXGroup;
			children = (
				21242E3C1CFBE7E50050DBBE /* WechatDemoUITests.swift */,
				21242E3E1CFBE7E50050DBBE /* Info.plist */,
			);
			path = WechatDemoUITests;
			sourceTree = "<group>";
		};
		6AAD9D966DB4401A97507F56 /* Frameworks */ = {
			isa = PBXGroup;
			children = (
				21242E4A1CFBEE8D0050DBBE /* RongIMKit.framework */,
				966146B98004427D8C9F225F /* libPods.a */,
			);
			name = Frameworks;
			sourceTree = "<group>";
		};
		82579D268DA843BB66FA1EA7 /* Pods */ = {
			isa = PBXGroup;
			children = (
				12CDF42257801C19DC7AD047 /* Pods.debug.xcconfig */,
				DC523DADE9F3EE87E0C08F07 /* Pods.release.xcconfig */,
			);
			name = Pods;
			sourceTree = "<group>";
		};
/* End PBXGroup section */

/* Begin PBXNativeTarget section */
		21242E181CFBE7E50050DBBE /* WechatDemo */ = {
			isa = PBXNativeTarget;
			buildConfigurationList = 21242E411CFBE7E50050DBBE /* Build configuration list for PBXNativeTarget "WechatDemo" */;
			buildPhases = (
				79FA4D21007352D7EFFE4CFA /* Check Pods Manifest.lock */,
				21242E151CFBE7E50050DBBE /* Sources */,
				21242E161CFBE7E50050DBBE /* Frameworks */,
				21242E171CFBE7E50050DBBE /* Resources */,
				01411810F86C7DD6D25B5342 /* Embed Pods Frameworks */,
				9801D7C84DBDECADD5E9364F /* Copy Pods Resources */,
			);
			buildRules = (
			);
			dependencies = (
			);
			name = WechatDemo;
			productName = WechatDemo;
			productReference = 21242E191CFBE7E50050DBBE /* WechatDemo.app */;
			productType = "com.apple.product-type.application";
		};
		21242E2C1CFBE7E50050DBBE /* WechatDemoTests */ = {
			isa = PBXNativeTarget;
			buildConfigurationList = 21242E441CFBE7E50050DBBE /* Build configuration list for PBXNativeTarget "WechatDemoTests" */;
			buildPhases = (
				21242E291CFBE7E50050DBBE /* Sources */,
				21242E2A1CFBE7E50050DBBE /* Frameworks */,
				21242E2B1CFBE7E50050DBBE /* Resources */,
			);
			buildRules = (
			);
			dependencies = (
				21242E2F1CFBE7E50050DBBE /* PBXTargetDependency */,
			);
			name = WechatDemoTests;
			productName = WechatDemoTests;
			productReference = 21242E2D1CFBE7E50050DBBE /* WechatDemoTests.xctest */;
			productType = "com.apple.product-type.bundle.unit-test";
		};
		21242E371CFBE7E50050DBBE /* WechatDemoUITests */ = {
			isa = PBXNativeTarget;
			buildConfigurationList = 21242E471CFBE7E50050DBBE /* Build configuration list for PBXNativeTarget "WechatDemoUITests" */;
			buildPhases = (
				21242E341CFBE7E50050DBBE /* Sources */,
				21242E351CFBE7E50050DBBE /* Frameworks */,
				21242E361CFBE7E50050DBBE /* Resources */,
			);
			buildRules = (
			);
			dependencies = (
				21242E3A1CFBE7E50050DBBE /* PBXTargetDependency */,
			);
			name = WechatDemoUITests;
			productName = WechatDemoUITests;
			productReference = 21242E381CFBE7E50050DBBE /* WechatDemoUITests.xctest */;
			productType = "com.apple.product-type.bundle.ui-testing";
		};
/* End PBXNativeTarget section */

/* Begin PBXProject section */
		21242E111CFBE7E50050DBBE /* Project object */ = {
			isa = PBXProject;
			attributes = {
				LastSwiftUpdateCheck = 0730;
				LastUpgradeCheck = 0730;
				ORGANIZATIONNAME = jikexueyuan;
				TargetAttributes = {
					21242E181CFBE7E50050DBBE = {
						CreatedOnToolsVersion = 7.3.1;
						DevelopmentTeam = F6SWAY5599;
					};
					21242E2C1CFBE7E50050DBBE = {
						CreatedOnToolsVersion = 7.3.1;
						DevelopmentTeam = F6SWAY5599;
						TestTargetID = 21242E181CFBE7E50050DBBE;
					};
					21242E371CFBE7E50050DBBE = {
						CreatedOnToolsVersion = 7.3.1;
						DevelopmentTeam = F6SWAY5599;
						TestTargetID = 21242E181CFBE7E50050DBBE;
					};
				};
			};
			buildConfigurationList = 21242E141CFBE7E50050DBBE /* Build configuration list for PBXProject "WechatDemo" */;
			compatibilityVersion = "Xcode 3.2";
			developmentRegion = English;
			hasScannedForEncodings = 0;
			knownRegions = (
				en,
				Base,
			);
			mainGroup = 21242E101CFBE7E50050DBBE;
			productRefGroup = 21242E1A1CFBE7E50050DBBE /* Products */;
			projectDirPath = "";
			projectRoot = "";
			targets = (
				21242E181CFBE7E50050DBBE /* WechatDemo */,
				21242E2C1CFBE7E50050DBBE /* WechatDemoTests */,
				21242E371CFBE7E50050DBBE /* WechatDemoUITests */,
			);
		};
/* End PBXProject section */

/* Begin PBXResourcesBuildPhase section */
		21242E171CFBE7E50050DBBE /* Resources */ = {
			isa = PBXResourcesBuildPhase;
			buildActionMask = 2147483647;
			files = (
				21242E271CFBE7E50050DBBE /* LaunchScreen.storyboard in Resources */,
				21242E241CFBE7E50050DBBE /* Assets.xcassets in Resources */,
				21242E221CFBE7E50050DBBE /* Main.storyboard in Resources */,
			);
			runOnlyForDeploymentPostprocessing = 0;
		};
		21242E2B1CFBE7E50050DBBE /* Resources */ = {
			isa = PBXResourcesBuildPhase;
			buildActionMask = 2147483647;
			files = (
			);
			runOnlyForDeploymentPostprocessing = 0;
		};
		21242E361CFBE7E50050DBBE /* Resources */ = {
			isa = PBXResourcesBuildPhase;
			buildActionMask = 2147483647;
			files = (
			);
			runOnlyForDeploymentPostprocessing = 0;
		};
/* End PBXResourcesBuildPhase section */

/* Begin PBXShellScriptBuildPhase section */
		01411810F86C7DD6D25B5342 /* Embed Pods Frameworks */ = {
			isa = PBXShellScriptBuildPhase;
			buildActionMask = 2147483647;
			files = (
			);
			inputPaths = (
			);
			name = "Embed Pods Frameworks";
			outputPaths = (
			);
			runOnlyForDeploymentPostprocessing = 0;
			shellPath = /bin/sh;
			shellScript = "\"${SRCROOT}/Pods/Target Support Files/Pods/Pods-frameworks.sh\"\n";
			showEnvVarsInLog = 0;
		};
		79FA4D21007352D7EFFE4CFA /* Check Pods Manifest.lock */ = {
			isa = PBXShellScriptBuildPhase;
			buildActionMask = 2147483647;
			files = (
			);
			inputPaths = (
			);
			name = "Check Pods Manifest.lock";
			outputPaths = (
			);
			runOnlyForDeploymentPostprocessing = 0;
			shellPath = /bin/sh;
			shellScript = "diff \"${PODS_ROOT}/../Podfile.lock\" \"${PODS_ROOT}/Manifest.lock\" > /dev/null\nif [[ $? != 0 ]] ; then\n    cat << EOM\nerror: The sandbox is not in sync with the Podfile.lock. Run 'pod install' or update your CocoaPods installation.\nEOM\n    exit 1\nfi\n";
			showEnvVarsInLog = 0;
		};
		9801D7C84DBDECADD5E9364F /* Copy Pods Resources */ = {
			isa = PBXShellScriptBuildPhase;
			buildActionMask = 2147483647;
			files = (
			);
			inputPaths = (
			);
			name = "Copy Pods Resources";
			outputPaths = (
			);
			runOnlyForDeploymentPostprocessing = 0;
			shellPath = /bin/sh;
			shellScript = "\"${SRCROOT}/Pods/Target Support Files/Pods/Pods-resources.sh\"\n";
			showEnvVarsInLog = 0;
		};
/* End PBXShellScriptBuildPhase section */

/* Begin PBXSourcesBuildPhase section */
		21242E151CFBE7E50050DBBE /* Sources */ = {
			isa = PBXSourcesBuildPhase;
			buildActionMask = 2147483647;
			files = (
				21242E1F1CFBE7E50050DBBE /* ViewController.swift in Sources */,
				2185A4151CFE7C74000307E0 /* LocalStore.swift in Sources */,
				21D9D8131D05295E00BAE977 /* FriendsTableViewController.swift in Sources */,
				21242E1D1CFBE7E50050DBBE /* AppDelegate.swift in Sources */,
				21242E511CFC10FD0050DBBE /* WechatDemoListViewController.swift in Sources */,
				21C176AE1CFD4081005F3EC9 /* SwiftyJSON.swift in Sources */,
				21C176AC1CFD382F005F3EC9 /* LoginViewController.swift in Sources */,
				214EE5EF1D055CEA002787F6 /* UIViewController+SetTabBarVisible.swift in Sources */,
				21C176AA1CFD2F94005F3EC9 /* WechatService.swift in Sources */,
			);
			runOnlyForDeploymentPostprocessing = 0;
		};
		21242E291CFBE7E50050DBBE /* Sources */ = {
			isa = PBXSourcesBuildPhase;
			buildActionMask = 2147483647;
			files = (
				21242E321CFBE7E50050DBBE /* WechatDemoTests.swift in Sources */,
			);
			runOnlyForDeploymentPostprocessing = 0;
		};
		21242E341CFBE7E50050DBBE /* Sources */ = {
			isa = PBXSourcesBuildPhase;
			buildActionMask = 2147483647;
			files = (
				21242E3D1CFBE7E50050DBBE /* WechatDemoUITests.swift in Sources */,
			);
			runOnlyForDeploymentPostprocessing = 0;
		};
/* End PBXSourcesBuildPhase section */

/* Begin PBXTargetDependency section */
		21242E2F1CFBE7E50050DBBE /* PBXTargetDependency */ = {
			isa = PBXTargetDependency;
			target = 21242E181CFBE7E50050DBBE /* WechatDemo */;
			targetProxy = 21242E2E1CFBE7E50050DBBE /* PBXContainerItemProxy */;
		};
		21242E3A1CFBE7E50050DBBE /* PBXTargetDependency */ = {
			isa = PBXTargetDependency;
			target = 21242E181CFBE7E50050DBBE /* WechatDemo */;
			targetProxy = 21242E391CFBE7E50050DBBE /* PBXContainerItemProxy */;
		};
/* End PBXTargetDependency section */

/* Begin PBXVariantGroup section */
		21242E201CFBE7E50050DBBE /* Main.storyboard */ = {
			isa = PBXVariantGroup;
			children = (
				21242E211CFBE7E50050DBBE /* Base */,
			);
			name = Main.storyboard;
			sourceTree = "<group>";
		};
		21242E251CFBE7E50050DBBE /* LaunchScreen.storyboard */ = {
			isa = PBXVariantGroup;
			children = (
				21242E261CFBE7E50050DBBE /* Base */,
			);
			name = LaunchScreen.storyboard;
			sourceTree = "<group>";
		};
/* End PBXVariantGroup section */

/* Begin XCBuildConfiguration section */
		21242E3F1CFBE7E50050DBBE /* Debug */ = {
			isa = XCBuildConfiguration;
			buildSettings = {
				ALWAYS_SEARCH_USER_PATHS = NO;
				CLANG_ANALYZER_NONNULL = YES;
				CLANG_CXX_LANGUAGE_STANDARD = "gnu++0x";
				CLANG_CXX_LIBRARY = "libc++";
				CLANG_ENABLE_MODULES = YES;
				CLANG_ENABLE_OBJC_ARC = YES;
				CLANG_WARN_BOOL_CONVERSION = YES;
				CLANG_WARN_CONSTANT_CONVERSION = YES;
				CLANG_WARN_DIRECT_OBJC_ISA_USAGE = YES_ERROR;
				CLANG_WARN_EMPTY_BODY = YES;
				CLANG_WARN_ENUM_CONVERSION = YES;
				CLANG_WARN_INT_CONVERSION = YES;
				CLANG_WARN_OBJC_ROOT_CLASS = YES_ERROR;
				CLANG_WARN_UNREACHABLE_CODE = YES;
				CLANG_WARN__DUPLICATE_METHOD_MATCH = YES;
				"CODE_SIGN_IDENTITY[sdk=iphoneos*]" = "iPhone Developer";
				COPY_PHASE_STRIP = NO;
				DEBUG_INFORMATION_FORMAT = dwarf;
				ENABLE_STRICT_OBJC_MSGSEND = YES;
				ENABLE_TESTABILITY = YES;
				GCC_C_LANGUAGE_STANDARD = gnu99;
				GCC_DYNAMIC_NO_PIC = NO;
				GCC_NO_COMMON_BLOCKS = YES;
				GCC_OPTIMIZATION_LEVEL = 0;
				GCC_PREPROCESSOR_DEFINITIONS = (
					"DEBUG=1",
					"$(inherited)",
				);
				GCC_WARN_64_TO_32_BIT_CONVERSION = YES;
				GCC_WARN_ABOUT_RETURN_TYPE = YES_ERROR;
				GCC_WARN_UNDECLARED_SELECTOR = YES;
				GCC_WARN_UNINITIALIZED_AUTOS = YES_AGGRESSIVE;
				GCC_WARN_UNUSED_FUNCTION = YES;
				GCC_WARN_UNUSED_VARIABLE = YES;
				IPHONEOS_DEPLOYMENT_TARGET = 9.3;
				MTL_ENABLE_DEBUG_INFO = YES;
				ONLY_ACTIVE_ARCH = YES;
				SDKROOT = iphoneos;
				SWIFT_OPTIMIZATION_LEVEL = "-Onone";
			};
			name = Debug;
		};
		21242E401CFBE7E50050DBBE /* Release */ = {
			isa = XCBuildConfiguration;
			buildSettings = {
				ALWAYS_SEARCH_USER_PATHS = NO;
				CLANG_ANALYZER_NONNULL = YES;
				CLANG_CXX_LANGUAGE_STANDARD = "gnu++0x";
				CLANG_CXX_LIBRARY = "libc++";
				CLANG_ENABLE_MODULES = YES;
				CLANG_ENABLE_OBJC_ARC = YES;
				CLANG_WARN_BOOL_CONVERSION = YES;
				CLANG_WARN_CONSTANT_CONVERSION = YES;
				CLANG_WARN_DIRECT_OBJC_ISA_USAGE = YES_ERROR;
				CLANG_WARN_EMPTY_BODY = YES;
				CLANG_WARN_ENUM_CONVERSION = YES;
				CLANG_WARN_INT_CONVERSION = YES;
				CLANG_WARN_OBJC_ROOT_CLASS = YES_ERROR;
				CLANG_WARN_UNREACHABLE_CODE = YES;
				CLANG_WARN__DUPLICATE_METHOD_MATCH = YES;
				"CODE_SIGN_IDENTITY[sdk=iphoneos*]" = "iPhone Developer";
				COPY_PHASE_STRIP = NO;
				DEBUG_INFORMATION_FORMAT = "dwarf-with-dsym";
				ENABLE_NS_ASSERTIONS = NO;
				ENABLE_STRICT_OBJC_MSGSEND = YES;
				GCC_C_LANGUAGE_STANDARD = gnu99;
				GCC_NO_COMMON_BLOCKS = YES;
				GCC_WARN_64_TO_32_BIT_CONVERSION = YES;
				GCC_WARN_ABOUT_RETURN_TYPE = YES_ERROR;
				GCC_WARN_UNDECLARED_SELECTOR = YES;
				GCC_WARN_UNINITIALIZED_AUTOS = YES_AGGRESSIVE;
				GCC_WARN_UNUSED_FUNCTION = YES;
				GCC_WARN_UNUSED_VARIABLE = YES;
				IPHONEOS_DEPLOYMENT_TARGET = 9.3;
				MTL_ENABLE_DEBUG_INFO = NO;
				SDKROOT = iphoneos;
				VALIDATE_PRODUCT = YES;
			};
			name = Release;
		};
		21242E421CFBE7E50050DBBE /* Debug */ = {
			isa = XCBuildConfiguration;
			baseConfigurationReference = 12CDF42257801C19DC7AD047 /* Pods.debug.xcconfig */;
			buildSettings = {
				ASSETCATALOG_COMPILER_APPICON_NAME = AppIcon;
				CLANG_ENABLE_MODULES = YES;
				CODE_SIGN_IDENTITY = "iPhone Developer";
				"CODE_SIGN_IDENTITY[sdk=iphoneos*]" = "iPhone Developer";
				FRAMEWORK_SEARCH_PATHS = (
					"$(inherited)",
					"$(PROJECT_DIR)/Pods/RongCloudIMKit/Rong_Cloud_iOS_IMKit_SDK_v2_5_2_stable",
				);
				INFOPLIST_FILE = WechatDemo/Info.plist;
				LD_RUNPATH_SEARCH_PATHS = "$(inherited) @executable_path/Frameworks";
				PRODUCT_BUNDLE_IDENTIFIER = com.jikexueyuan.WechatDemo;
				PRODUCT_NAME = "$(TARGET_NAME)";
				PROVISIONING_PROFILE = "";
				SWIFT_OBJC_BRIDGING_HEADER = "WechatDemo/WechatDemo-Bridging-Header.h";
				SWIFT_OPTIMIZATION_LEVEL = "-Onone";
			};
			name = Debug;
		};
		21242E431CFBE7E50050DBBE /* Release */ = {
			isa = XCBuildConfiguration;
			baseConfigurationReference = DC523DADE9F3EE87E0C08F07 /* Pods.release.xcconfig */;
			buildSettings = {
				ASSETCATALOG_COMPILER_APPICON_NAME = AppIcon;
				CLANG_ENABLE_MODULES = YES;
				CODE_SIGN_IDENTITY = "iPhone Developer";
				"CODE_SIGN_IDENTITY[sdk=iphoneos*]" = "iPhone Developer";
				FRAMEWORK_SEARCH_PATHS = (
					"$(inherited)",
					"$(PROJECT_DIR)/Pods/RongCloudIMKit/Rong_Cloud_iOS_IMKit_SDK_v2_5_2_stable",
				);
				INFOPLIST_FILE = WechatDemo/Info.plist;
				LD_RUNPATH_SEARCH_PATHS = "$(inherited) @executable_path/Frameworks";
				PRODUCT_BUNDLE_IDENTIFIER = com.jikexueyuan.WechatDemo;
				PRODUCT_NAME = "$(TARGET_NAME)";
				PROVISIONING_PROFILE = "";
				SWIFT_OBJC_BRIDGING_HEADER = "WechatDemo/WechatDemo-Bridging-Header.h";
			};
			name = Release;
		};
		21242E451CFBE7E50050DBBE /* Debug */ = {
			isa = XCBuildConfiguration;
			buildSettings = {
				BUNDLE_LOADER = "$(TEST_HOST)";
				INFOPLIST_FILE = WechatDemoTests/Info.plist;
				LD_RUNPATH_SEARCH_PATHS = "$(inherited) @executable_path/Frameworks @loader_path/Frameworks";
				PRODUCT_BUNDLE_IDENTIFIER = com.jikexueyuan.WechatDemoTests;
				PRODUCT_NAME = "$(TARGET_NAME)";
				TEST_HOST = "$(BUILT_PRODUCTS_DIR)/WechatDemo.app/WechatDemo";
			};
			name = Debug;
		};
		21242E461CFBE7E50050DBBE /* Release */ = {
			isa = XCBuildConfiguration;
			buildSettings = {
				BUNDLE_LOADER = "$(TEST_HOST)";
				INFOPLIST_FILE = WechatDemoTests/Info.plist;
				LD_RUNPATH_SEARCH_PATHS = "$(inherited) @executable_path/Frameworks @loader_path/Frameworks";
				PRODUCT_BUNDLE_IDENTIFIER = com.jikexueyuan.WechatDemoTests;
				PRODUCT_NAME = "$(TARGET_NAME)";
				TEST_HOST = "$(BUILT_PRODUCTS_DIR)/WechatDemo.app/WechatDemo";
			};
			name = Release;
		};
		21242E481CFBE7E50050DBBE /* Debug */ = {
			isa = XCBuildConfiguration;
			buildSettings = {
				INFOPLIST_FILE = WechatDemoUITests/Info.plist;
				LD_RUNPATH_SEARCH_PATHS = "$(inherited) @executable_path/Frameworks @loader_path/Frameworks";
				PRODUCT_BUNDLE_IDENTIFIER = com.jikexueyuan.WechatDemoUITests;
				PRODUCT_NAME = "$(TARGET_NAME)";
				TEST_TARGET_NAME = WechatDemo;
			};
			name = Debug;
		};
		21242E491CFBE7E50050DBBE /* Release */ = {
			isa = XCBuildConfiguration;
			buildSettings = {
				INFOPLIST_FILE = WechatDemoUITests/Info.plist;
				LD_RUNPATH_SEARCH_PATHS = "$(inherited) @executable_path/Frameworks @loader_path/Frameworks";
				PRODUCT_BUNDLE_IDENTIFIER = com.jikexueyuan.WechatDemoUITests;
				PRODUCT_NAME = "$(TARGET_NAME)";
				TEST_TARGET_NAME = WechatDemo;
			};
			name = Release;
		};
/* End XCBuildConfiguration section */

/* Begin XCConfigurationList section */
		21242E141CFBE7E50050DBBE /* Build configuration list for PBXProject "WechatDemo" */ = {
			isa = XCConfigurationList;
			buildConfigurations = (
				21242E3F1CFBE7E50050DBBE /* Debug */,
				21242E401CFBE7E50050DBBE /* Release */,
			);
			defaultConfigurationIsVisible = 0;
			defaultConfigurationName = Release;
		};
		21242E411CFBE7E50050DBBE /* Build configuration list for PBXNativeTarget "WechatDemo" */ = {
			isa = XCConfigurationList;
			buildConfigurations = (
				21242E421CFBE7E50050DBBE /* Debug */,
				21242E431CFBE7E50050DBBE /* Release */,
			);
			defaultConfigurationIsVisible = 0;
			defaultConfigurationName = Release;
		};
		21242E441CFBE7E50050DBBE /* Build configuration list for PBXNativeTarget "WechatDemoTests" */ = {
			isa = XCConfigurationList;
			buildConfigurations = (
				21242E451CFBE7E50050DBBE /* Debug */,
				21242E461CFBE7E50050DBBE /* Release */,
			);
			defaultConfigurationIsVisible = 0;
			defaultConfigurationName = Release;
		};
		21242E471CFBE7E50050DBBE /* Build configuration list for PBXNativeTarget "WechatDemoUITests" */ = {
			isa = XCConfigurationList;
			buildConfigurations = (
				21242E481CFBE7E50050DBBE /* Debug */,
				21242E491CFBE7E50050DBBE /* Release */,
			);
			defaultConfigurationIsVisible = 0;
			defaultConfigurationName = Release;
		};
/* End XCConfigurationList section */
	};
	rootObject = 21242E111CFBE7E50050DBBE /* Project object */;
}
